<?xml version="1.0" encoding="utf-8"?>
<Project ToolsVersion="4.0" xmlns="http://schemas.microsoft.com/developer/msbuild/2003">
  <ItemGroup>
    <Filter Include="File di origine">
      <UniqueIdentifier>{4FC737F1-C7A5-4376-A066-2A32D752A2FF}</UniqueIdentifier>
      <Extensions>cpp;c;cc;cxx;def;odl;idl;hpj;bat;asm;asmx</Extensions>
    </Filter>
    <Filter Include="File di intestazione">
      <UniqueIdentifier>{93995380-89BD-4b04-88EB-625FBE52EBFB}</UniqueIdentifier>
      <Extensions>h;hh;hpp;hxx;hm;inl;inc;xsd</Extensions>
    </Filter>
    <Filter Include="File di risorse">
      <UniqueIdentifier>{67DA6AB6-F800-4c08-8B7A-83BB121AAD01}</UniqueIdentifier>
      <Extensions>rc;ico;cur;bmp;dlg;rc2;rct;bin;rgs;gif;jpg;jpeg;jpe;resx;tiff;tif;png;wav;mfcribbon-ms</Extensions>
    </Filter>
  </ItemGroup>
  <ItemGroup>
    <ClInclude Include="Oggetto.h">
      <Filter>File di intestazione</Filter>
    </ClInclude>
    <ClInclude Include="Attributi.h">
      <Filter>File di intestazione</Filter>
    </ClInclude>
    <ClInclude Include="Sprite.h">
      <Filter>File di intestazione</Filter>
    </ClInclude>
    <ClInclude Include="Scrigno.h">
      <Filter>File di intestazione</Filter>
    </ClInclude>
    <ClInclude Include="Arma.h">
      <Filter>File di intestazione</Filter>
    </ClInclude>
    <ClInclude Include="Protagonista.h">
      <Filter>File di intestazione</Filter>
    </ClInclude>
    <ClInclude Include="Attore.h">
      <Filter>File di intestazione</Filter>
    </ClInclude>
    <ClInclude Include="Casella.h">
      <Filter>File di intestazione</Filter>
    </ClInclude>
    <ClInclude Include="Entita.h">
      <Filter>File di intestazione</Filter>
    </ClInclude>
    <ClInclude Include="Piano.h">
      <Filter>File di intestazione</Filter>
    </ClInclude>
    <ClInclude Include="PianoGen.h">
      <Filter>File di intestazione</Filter>
    </ClInclude>
    <ClInclude Include="PianoFile.h">
      <Filter>File di intestazione</Filter>
    </ClInclude>
    <ClInclude Include="Danno.h">
      <Filter>File di intestazione</Filter>
    </ClInclude>
    <ClInclude Include="noiseutils.h">
      <Filter>File di intestazione</Filter>
    </ClInclude>
    <ClInclude Include="pianoCavernaIsola.h">
      <Filter>File di intestazione</Filter>
    </ClInclude>
    <ClInclude Include="Dungeon.h">
      <Filter>File di intestazione</Filter>
    </ClInclude>
    <ClInclude Include="Equipaggiamento.h">
      <Filter>File di intestazione</Filter>
    </ClInclude>
    <ClInclude Include="PianoFileGrafica.h">
      <Filter>File di intestazione</Filter>
    </ClInclude>
    <ClInclude Include="Armatura.h">
      <Filter>File di intestazione</Filter>
    </ClInclude>
    <ClInclude Include="pianoCavernaIsolaGrafica.h">
      <Filter>File di intestazione</Filter>
    </ClInclude>
    <ClInclude Include="DungeonGraficaIsola.h">
      <Filter>File di intestazione</Filter>
    </ClInclude>
    <ClInclude Include="TextBox.h">
      <Filter>File di intestazione</Filter>
    </ClInclude>
    <ClInclude Include="UtilityGrafica.h">
      <Filter>File di intestazione</Filter>
    </ClInclude>
    <ClInclude Include="MonsterFactory.h">
      <Filter>File di intestazione</Filter>
    </ClInclude>
    <ClInclude Include="Observer.h">
      <Filter>File di intestazione</Filter>
    </ClInclude>
    <ClInclude Include="Subject.h">
      <Filter>File di intestazione</Filter>
    </ClInclude>
    <ClInclude Include="ObjectFactory.h">
      <Filter>File di intestazione</Filter>
    </ClInclude>
    <ClInclude Include="Serratura.h">
      <Filter>File di intestazione</Filter>
    </ClInclude>
    <ClInclude Include="SerraturaFOS.h">
      <Filter>File di intestazione</Filter>
    </ClInclude>
  </ItemGroup>
  <ItemGroup>
    <ClCompile Include="Oggetto.cpp">
      <Filter>File di origine</Filter>
    </ClCompile>
    <ClCompile Include="main.cpp">
      <Filter>File di origine</Filter>
    </ClCompile>
    <ClCompile Include="Attributi.cpp">
      <Filter>File di origine</Filter>
    </ClCompile>
    <ClCompile Include="Sprite.cpp">
      <Filter>File di origine</Filter>
    </ClCompile>
    <ClCompile Include="Scrigno.cpp">
      <Filter>File di origine</Filter>
    </ClCompile>
    <ClCompile Include="Arma.cpp">
      <Filter>File di origine</Filter>
    </ClCompile>
    <ClCompile Include="Protagonista.cpp">
      <Filter>File di origine</Filter>
    </ClCompile>
    <ClCompile Include="Attore.cpp">
      <Filter>File di origine</Filter>
    </ClCompile>
    <ClCompile Include="Casella.cpp">
      <Filter>File di origine</Filter>
    </ClCompile>
    <ClCompile Include="Entita.cpp">
      <Filter>File di origine</Filter>
    </ClCompile>
    <ClCompile Include="Piano.cpp">
      <Filter>File di origine</Filter>
    </ClCompile>
    <ClCompile Include="PianoGen.cpp">
      <Filter>File di origine</Filter>
    </ClCompile>
    <ClCompile Include="PianoFile.cpp">
      <Filter>File di origine</Filter>
    </ClCompile>
    <ClCompile Include="Danno.cpp">
      <Filter>File di origine</Filter>
    </ClCompile>
    <ClCompile Include="noiseutils.cpp">
      <Filter>File di origine</Filter>
    </ClCompile>
    <ClCompile Include="pianoCavernaIsola.cpp">
      <Filter>File di origine</Filter>
    </ClCompile>
    <ClCompile Include="Dungeon.cpp">
      <Filter>File di origine</Filter>
    </ClCompile>
    <ClCompile Include="Equipaggiamento.cpp">
      <Filter>File di origine</Filter>
    </ClCompile>
    <ClCompile Include="PianoFileGrafica.cpp">
      <Filter>File di origine</Filter>
    </ClCompile>
    <ClCompile Include="Armatura.cpp">
      <Filter>File di origine</Filter>
    </ClCompile>
    <ClCompile Include="pianoCavernaIsolaGrafica.cpp">
      <Filter>File di origine</Filter>
    </ClCompile>
    <ClCompile Include="DungeonGraficaIsola.cpp">
      <Filter>File di origine</Filter>
    </ClCompile>
    <ClCompile Include="TextBox.cpp">
      <Filter>File di origine</Filter>
    </ClCompile>
    <ClCompile Include="UtilityGrafica.cpp">
      <Filter>File di origine</Filter>
    </ClCompile>
    <ClCompile Include="MonsterFactory.cpp">
      <Filter>File di origine</Filter>
    </ClCompile>
    <ClCompile Include="Observer.cpp">
      <Filter>File di origine</Filter>
    </ClCompile>
    <ClCompile Include="Subject.cpp">
      <Filter>File di origine</Filter>
    </ClCompile>
    <ClCompile Include="ObjectFactory.cpp">
      <Filter>File di origine</Filter>
    </ClCompile>
    <ClCompile Include="Serratura.cpp">
      <Filter>File di origine</Filter>
    </ClCompile>
    <ClCompile Include="SerraturaFOS.cpp">
      <Filter>File di origine</Filter>
    </ClCompile>
  </ItemGroup>
  <ItemGroup>
    <None Include="libnoise.dll" />
  </ItemGroup>
</Project>